
Microsoft Visual Studio Solution File, Format Version 12.00
# Visual Studio Version 17
VisualStudioVersion = 17.0.31903.59
MinimumVisualStudioVersion = 10.0.40219.1
Project("{9A19103F-16F7-4668-BE54-9A1E7A4F7556}") = "DnDCharacterSheets", "src\DnDCharacterSheets.csproj", "{77C7D680-84CF-453E-B416-A5BD81C45414}"
EndProject
Project("{9A19103F-16F7-4668-BE54-9A1E7A4F7556}") = "ExampleApplication", "example\ExampleApplication.csproj", "{D9CA4448-3D61-4A11-9085-1DE2E99A1C22}"
EndProject
Global
	GlobalSection(SolutionConfigurationPlatforms) = preSolution
		Debug|Any CPU = Debug|Any CPU
		Release|Any CPU = Release|Any CPU
	EndGlobalSection
	GlobalSection(ProjectConfigurationPlatforms) = postSolution
		{77C7D680-84CF-453E-B416-A5BD81C45414}.Debug|Any CPU.ActiveCfg = Debug|Any CPU
		{77C7D680-84CF-453E-B416-A5BD81C45414}.Debug|Any CPU.Build.0 = Debug|Any CPU
		{77C7D680-84CF-453E-B416-A5BD81C45414}.Release|Any CPU.ActiveCfg = Release|Any CPU
		{77C7D680-84CF-453E-B416-A5BD81C45414}.Release|Any CPU.Build.0 = Release|Any CPU
		{D9CA4448-3D61-4A11-9085-1DE2E99A1C22}.Debug|Any CPU.ActiveCfg = Debug|Any CPU
		{D9CA4448-3D61-4A11-9085-1DE2E99A1C22}.Debug|Any CPU.Build.0 = Debug|Any CPU
		{D9CA4448-3D61-4A11-9085-1DE2E99A1C22}.Release|Any CPU.ActiveCfg = Release|Any CPU
		{D9CA4448-3D61-4A11-9085-1DE2E99A1C22}.Release|Any CPU.Build.0 = Release|Any CPU
	EndGlobalSection
	GlobalSection(SolutionProperties) = preSolution
		HideSolutionNode = FALSE
	EndGlobalSection
	GlobalSection(ExtensibilityGlobals) = postSolution
		SolutionGuid = {4D63BA1C-403A-42A7-81B1-8BB9697CA4DA}
	EndGlobalSection
EndGlobal
